{
  "pins" : [
    {
      "identity" : "virgil-crypto-c",
      "kind" : "remoteSourceControl",
      "location" : "https://github.com/VirgilSecurity/virgil-crypto-c.git",
      "state" : {
        "revision" : "591c32a4c54378e750c80052d7588df8056525b0",
        "version" : "0.17.0"
      }
    },
    {
      "identity" : "virgil-crypto-x",
      "kind" : "remoteSourceControl",
      "location" : "https://github.com/VirgilSecurity/virgil-crypto-x.git",
      "state" : {
        "revision" : "96fef3abb3c96eec0c14cdf3f406658776071dbd",
        "version" : "7.0.0"
      }
    },
    {
      "identity" : "virgil-pythia-x",
      "kind" : "remoteSourceControl",
      "location" : "https://github.com/VirgilSecurity/virgil-pythia-x",
      "state" : {
        "branch" : "develop",
        "revision" : "5b8eb3a4a8e891826d8a2c0d00e13a4b246aa596"
      }
    },
    {
      "identity" : "virgil-ratchet-x",
      "kind" : "remoteSourceControl",
      "location" : "https://github.com/VirgilSecurity/virgil-ratchet-x",
      "state" : {
        "revision" : "19e28149a973aba2f70ba1c0cf176fa15e84e278",
        "version" : "0.10.0"
      }
    },
    {
      "identity" : "virgil-sdk-x",
      "kind" : "remoteSourceControl",
      "location" : "https://github.com/VirgilSecurity/virgil-sdk-x.git",
      "state" : {
        "revision" : "7165aafa08be93a874097033ec903bac447e4b9b",
        "version" : "9.0.0"
      }
    }
  ],
  "version" : 2
}
