{
  "pins" : [
    {
      "identity" : "virgil-crypto-c",
      "kind" : "remoteSourceControl",
      "location" : "https://github.com/VirgilSecurity/virgil-crypto-c.git",
      "state" : {
        "revision" : "40ae5231264c8f2d79354922fac15d96021aa8b5",
        "version" : "0.17.1"
      }
    },
    {
      "identity" : "virgil-crypto-x",
      "kind" : "remoteSourceControl",
      "location" : "https://github.com/VirgilSecurity/virgil-crypto-x.git",
      "state" : {
        "revision" : "6334a21c49dafb305666aafc34819314960412de",
        "version" : "7.0.1"
      }
    },
    {
      "identity" : "virgil-pythia-x",
      "kind" : "remoteSourceControl",
      "location" : "https://github.com/VirgilSecurity/virgil-pythia-x",
      "state" : {
        "revision" : "6b85da7b8c3bf523df498e66c5bdb63c117be351",
        "version" : "0.12.1"
      }
    },
    {
      "identity" : "virgil-ratchet-x",
      "kind" : "remoteSourceControl",
      "location" : "https://github.com/VirgilSecurity/virgil-ratchet-x",
      "state" : {
        "revision" : "f5be34003eb9a78743e24479fc85b407a665d9c0",
        "version" : "0.10.1"
      }
    },
    {
      "identity" : "virgil-sdk-x",
      "kind" : "remoteSourceControl",
      "location" : "https://github.com/VirgilSecurity/virgil-sdk-x.git",
      "state" : {
        "revision" : "53e32c076211a7623f113df49e6f48c8974c9024",
        "version" : "9.0.1"
      }
    }
  ],
  "version" : 2
}
